
Microsoft Visual Studio Solution File, Format Version 12.00
# Visual Studio 15
VisualStudioVersion = 15.0.26730.10
MinimumVisualStudioVersion = 10.0.40219.1
Project("{FAE04EC0-301F-11D3-BF4B-00C04F79EFBC}") = "HotelTest.Web", "HotelTest.Web\HotelTest.Web.csproj", "{89D3B0D3-E45D-4226-9836-6B1680C87899}"
EndProject
Global
	GlobalSection(SolutionConfigurationPlatforms) = preSolution
		Debug|Any CPU = Debug|Any CPU
		Release|Any CPU = Release|Any CPU
	EndGlobalSection
	GlobalSection(ProjectConfigurationPlatforms) = postSolution
		{89D3B0D3-E45D-4226-9836-6B1680C87899}.Debug|Any CPU.ActiveCfg = Debug|Any CPU
		{89D3B0D3-E45D-4226-9836-6B1680C87899}.Debug|Any CPU.Build.0 = Debug|Any CPU
		{89D3B0D3-E45D-4226-9836-6B1680C87899}.Release|Any CPU.ActiveCfg = Release|Any CPU
		{89D3B0D3-E45D-4226-9836-6B1680C87899}.Release|Any CPU.Build.0 = Release|Any CPU
	EndGlobalSection
	GlobalSection(SolutionProperties) = preSolution
		HideSolutionNode = FALSE
	EndGlobalSection
	GlobalSection(ExtensibilityGlobals) = postSolution
		SolutionGuid = {F6C331E9-4CC6-469D-86CF-3775C4A21C11}
	EndGlobalSection
EndGlobal
